{
  "name": "weather-app",
  "lockfileVersion": 3,
  "requires": true,
  "packages": {
    "": {
      "dependencies": {
        "use-spinner": "^0.2.0"
      }
    },
    "node_modules/use-spinner": {
      "version": "0.2.0",
      "resolved": "https://registry.npmjs.org/use-spinner/-/use-spinner-0.2.0.tgz",
      "integrity": "sha512-JnqvHHHTIPLJU9mvITbt+0Ssfn0QNz5I0XQrah1oVtN9XqyafeK5256xLjhRaAHFDIOnig8deNWn1f10O5GE4w==",
      "license": "MIT"
    }
  }
}
